
Microsoft Visual Studio Solution File, Format Version 12.00
# Visual Studio Version 16
VisualStudioVersion = 16.0.31702.278
MinimumVisualStudioVersion = 10.0.40219.1
Project("{FAE04EC0-301F-11D3-BF4B-00C04F79EFBC}") = "WCFSimplex", "WCFSimplex\WCFSimplex.csproj", "{31D0586B-2B80-44B9-A1A5-2EB76F278F27}"
EndProject
Project("{FAE04EC0-301F-11D3-BF4B-00C04F79EFBC}") = "Console1", "Console1\Console1.csproj", "{E9D24EDF-7641-4A07-B406-05316DFD1E6E}"
	ProjectSection(ProjectDependencies) = postProject
		{31D0586B-2B80-44B9-A1A5-2EB76F278F27} = {31D0586B-2B80-44B9-A1A5-2EB76F278F27}
	EndProjectSection
EndProject
Project("{FAE04EC0-301F-11D3-BF4B-00C04F79EFBC}") = "Console2", "Console2\Console2.csproj", "{DDD53239-2ED6-4A50-8B6A-6D2D48C49822}"
EndProject
Project("{FAE04EC0-301F-11D3-BF4B-00C04F79EFBC}") = "Host", "Host\Host.csproj", "{C33BFB31-A993-40B9-B1C4-7167E55D887D}"
EndProject
Global
	GlobalSection(SolutionConfigurationPlatforms) = preSolution
		Debug|Any CPU = Debug|Any CPU
		Release|Any CPU = Release|Any CPU
	EndGlobalSection
	GlobalSection(ProjectConfigurationPlatforms) = postSolution
		{31D0586B-2B80-44B9-A1A5-2EB76F278F27}.Debug|Any CPU.ActiveCfg = Debug|Any CPU
		{31D0586B-2B80-44B9-A1A5-2EB76F278F27}.Debug|Any CPU.Build.0 = Debug|Any CPU
		{31D0586B-2B80-44B9-A1A5-2EB76F278F27}.Release|Any CPU.ActiveCfg = Release|Any CPU
		{31D0586B-2B80-44B9-A1A5-2EB76F278F27}.Release|Any CPU.Build.0 = Release|Any CPU
		{E9D24EDF-7641-4A07-B406-05316DFD1E6E}.Debug|Any CPU.ActiveCfg = Debug|Any CPU
		{E9D24EDF-7641-4A07-B406-05316DFD1E6E}.Debug|Any CPU.Build.0 = Debug|Any CPU
		{E9D24EDF-7641-4A07-B406-05316DFD1E6E}.Release|Any CPU.ActiveCfg = Release|Any CPU
		{E9D24EDF-7641-4A07-B406-05316DFD1E6E}.Release|Any CPU.Build.0 = Release|Any CPU
		{DDD53239-2ED6-4A50-8B6A-6D2D48C49822}.Debug|Any CPU.ActiveCfg = Debug|Any CPU
		{DDD53239-2ED6-4A50-8B6A-6D2D48C49822}.Debug|Any CPU.Build.0 = Debug|Any CPU
		{DDD53239-2ED6-4A50-8B6A-6D2D48C49822}.Release|Any CPU.ActiveCfg = Release|Any CPU
		{DDD53239-2ED6-4A50-8B6A-6D2D48C49822}.Release|Any CPU.Build.0 = Release|Any CPU
		{C33BFB31-A993-40B9-B1C4-7167E55D887D}.Debug|Any CPU.ActiveCfg = Debug|Any CPU
		{C33BFB31-A993-40B9-B1C4-7167E55D887D}.Debug|Any CPU.Build.0 = Debug|Any CPU
		{C33BFB31-A993-40B9-B1C4-7167E55D887D}.Release|Any CPU.ActiveCfg = Release|Any CPU
		{C33BFB31-A993-40B9-B1C4-7167E55D887D}.Release|Any CPU.Build.0 = Release|Any CPU
	EndGlobalSection
	GlobalSection(SolutionProperties) = preSolution
		HideSolutionNode = FALSE
	EndGlobalSection
	GlobalSection(ExtensibilityGlobals) = postSolution
		SolutionGuid = {BD67566C-1E7E-41C1-8C9E-6A04BB31480A}
	EndGlobalSection
EndGlobal
