
Microsoft Visual Studio Solution File, Format Version 12.00
# Visual Studio Version 16
VisualStudioVersion = 16.0.31624.102
MinimumVisualStudioVersion = 10.0.40219.1
Project("{FAE04EC0-301F-11D3-BF4B-00C04F79EFBC}") = "lab01", "lab1\lab01.csproj", "{0BD40F6A-0F4E-4BF9-A812-8580F2D73119}"
EndProject
Global
	GlobalSection(SolutionConfigurationPlatforms) = preSolution
		Debug|Any CPU = Debug|Any CPU
		Release|Any CPU = Release|Any CPU
	EndGlobalSection
	GlobalSection(ProjectConfigurationPlatforms) = postSolution
		{0BD40F6A-0F4E-4BF9-A812-8580F2D73119}.Debug|Any CPU.ActiveCfg = Debug|Any CPU
		{0BD40F6A-0F4E-4BF9-A812-8580F2D73119}.Debug|Any CPU.Build.0 = Debug|Any CPU
		{0BD40F6A-0F4E-4BF9-A812-8580F2D73119}.Release|Any CPU.ActiveCfg = Release|Any CPU
		{0BD40F6A-0F4E-4BF9-A812-8580F2D73119}.Release|Any CPU.Build.0 = Release|Any CPU
	EndGlobalSection
	GlobalSection(SolutionProperties) = preSolution
		HideSolutionNode = FALSE
	EndGlobalSection
	GlobalSection(ExtensibilityGlobals) = postSolution
		SolutionGuid = {AF90C29B-EE52-4231-A948-E47E191D9DE3}
	EndGlobalSection
EndGlobal
