
Microsoft Visual Studio Solution File, Format Version 12.00
# Visual Studio Version 16
VisualStudioVersion = 16.0.31624.102
MinimumVisualStudioVersion = 10.0.40219.1
Project("{FAE04EC0-301F-11D3-BF4B-00C04F79EFBC}") = "lab7", "lab7\lab7.csproj", "{44B0B48A-77B9-4B7D-804A-E47F39EA8461}"
EndProject
Project("{FAE04EC0-301F-11D3-BF4B-00C04F79EFBC}") = "lab7_host", "lab7_host\lab7_host.csproj", "{6F4CBC5D-C96A-4609-90F1-3945D9A8EA13}"
EndProject
Project("{FAE04EC0-301F-11D3-BF4B-00C04F79EFBC}") = "lab7_client", "lab7_client\lab7_client.csproj", "{8A12CBD3-0947-4A02-8A5D-B07D0A603076}"
EndProject
Global
	GlobalSection(SolutionConfigurationPlatforms) = preSolution
		Debug|Any CPU = Debug|Any CPU
		Release|Any CPU = Release|Any CPU
	EndGlobalSection
	GlobalSection(ProjectConfigurationPlatforms) = postSolution
		{44B0B48A-77B9-4B7D-804A-E47F39EA8461}.Debug|Any CPU.ActiveCfg = Debug|Any CPU
		{44B0B48A-77B9-4B7D-804A-E47F39EA8461}.Debug|Any CPU.Build.0 = Debug|Any CPU
		{44B0B48A-77B9-4B7D-804A-E47F39EA8461}.Release|Any CPU.ActiveCfg = Release|Any CPU
		{44B0B48A-77B9-4B7D-804A-E47F39EA8461}.Release|Any CPU.Build.0 = Release|Any CPU
		{6F4CBC5D-C96A-4609-90F1-3945D9A8EA13}.Debug|Any CPU.ActiveCfg = Debug|Any CPU
		{6F4CBC5D-C96A-4609-90F1-3945D9A8EA13}.Debug|Any CPU.Build.0 = Debug|Any CPU
		{6F4CBC5D-C96A-4609-90F1-3945D9A8EA13}.Release|Any CPU.ActiveCfg = Release|Any CPU
		{6F4CBC5D-C96A-4609-90F1-3945D9A8EA13}.Release|Any CPU.Build.0 = Release|Any CPU
		{8A12CBD3-0947-4A02-8A5D-B07D0A603076}.Debug|Any CPU.ActiveCfg = Debug|Any CPU
		{8A12CBD3-0947-4A02-8A5D-B07D0A603076}.Debug|Any CPU.Build.0 = Debug|Any CPU
		{8A12CBD3-0947-4A02-8A5D-B07D0A603076}.Release|Any CPU.ActiveCfg = Release|Any CPU
		{8A12CBD3-0947-4A02-8A5D-B07D0A603076}.Release|Any CPU.Build.0 = Release|Any CPU
	EndGlobalSection
	GlobalSection(SolutionProperties) = preSolution
		HideSolutionNode = FALSE
	EndGlobalSection
	GlobalSection(ExtensibilityGlobals) = postSolution
		SolutionGuid = {D0219625-CC34-4CA5-B0FB-E0B74D43E8D7}
	EndGlobalSection
EndGlobal
